// !$*UTF8*$!
{
	archiveVersion = 1;
	classes = {
	};
	objectVersion = 50;
	objects = {

/* Begin PBXBuildFile section */
		95F9D9EA24EE4C77009A3361 /* Base.lproj in Resources */ = {isa = PBXBuildFile; fileRef = 95F9D9E924EE4C77009A3361 /* Base.lproj */; };
		95F9D9EC24EE4CCA009A3361 /* ShowInstrumentViewController.swift in Sources */ = {isa = PBXBuildFile; fileRef = 95F9D9EB24EE4CCA009A3361 /* ShowInstrumentViewController.swift */; };
		95F9D9EE24EE658A009A3361 /* PlaySoundViewController.swift in Sources */ = {isa = PBXBuildFile; fileRef = 95F9D9ED24EE658A009A3361 /* PlaySoundViewController.swift */; };
		C79D5DAA24DC1D5600572CCA /* AppDelegate.swift in Sources */ = {isa = PBXBuildFile; fileRef = C79D5DA924DC1D5600572CCA /* AppDelegate.swift */; };
		C79D5DAC24DC1D5600572CCA /* SceneDelegate.swift in Sources */ = {isa = PBXBuildFile; fileRef = C79D5DAB24DC1D5600572CCA /* SceneDelegate.swift */; };
		C79D5DB124DC1D5600572CCA /* Main.storyboard in Resources */ = {isa = PBXBuildFile; fileRef = C79D5DAF24DC1D5600572CCA /* Main.storyboard */; };
		C79D5DB324DC1D5700572CCA /* Assets.xcassets in Resources */ = {isa = PBXBuildFile; fileRef = C79D5DB224DC1D5700572CCA /* Assets.xcassets */; };
		C79D5DB624DC1D5700572CCA /* LaunchScreen.storyboard in Resources */ = {isa = PBXBuildFile; fileRef = C79D5DB424DC1D5700572CCA /* LaunchScreen.storyboard */; };
		C79D5DC024DC224200572CCA /* InstrumentsTableViewController.swift in Sources */ = {isa = PBXBuildFile; fileRef = C79D5DBF24DC224200572CCA /* InstrumentsTableViewController.swift */; };
		C79D7DBD24E01A57005E73F6 /* Detail.storyboard in Resources */ = {isa = PBXBuildFile; fileRef = C79D7DBC24E01A57005E73F6 /* Detail.storyboard */; };
		C79D7DBF24E01AB6005E73F6 /* InstrumentDetailViewController.swift in Sources */ = {isa = PBXBuildFile; fileRef = C79D7DBE24E01AB6005E73F6 /* InstrumentDetailViewController.swift */; };
/* End PBXBuildFile section */

/* Begin PBXFileReference section */
		95F9D9E924EE4C77009A3361 /* Base.lproj */ = {isa = PBXFileReference; lastKnownFileType = folder; name = Base.lproj; path = "../../../Library/Containers/com.tencent.xinWeChat/Data/Library/Application Support/com.tencent.xinWeChat/2.0b4.0.9/da3d8a390d25b93068dc311af14907fd/Message/MessageTemp/fa3425d20fa2f173ff680b4cf849a362/File/Traditional_Music_Aug13th_Afterclass 2/Traditional_Music_Test/Base.lproj"; sourceTree = "<group>"; };
		95F9D9EB24EE4CCA009A3361 /* ShowInstrumentViewController.swift */ = {isa = PBXFileReference; fileEncoding = 4; lastKnownFileType = sourcecode.swift; name = ShowInstrumentViewController.swift; path = "../../../Library/Containers/com.tencent.xinWeChat/Data/Library/Application Support/com.tencent.xinWeChat/2.0b4.0.9/da3d8a390d25b93068dc311af14907fd/Message/MessageTemp/fa3425d20fa2f173ff680b4cf849a362/File/Traditional_Music_Aug13th_Afterclass 2/Traditional_Music_Test/ShowInstrumentViewController.swift"; sourceTree = "<group>"; };
		95F9D9ED24EE658A009A3361 /* PlaySoundViewController.swift */ = {isa = PBXFileReference; fileEncoding = 4; lastKnownFileType = sourcecode.swift; name = PlaySoundViewController.swift; path = "../../../Library/Containers/com.tencent.xinWeChat/Data/Library/Application Support/com.tencent.xinWeChat/2.0b4.0.9/da3d8a390d25b93068dc311af14907fd/Message/MessageTemp/fa3425d20fa2f173ff680b4cf849a362/File/Traditional_Music_Aug13th_Afterclass 2/Traditional_Music_Test/PlaySoundViewController.swift"; sourceTree = "<group>"; };
		C79D5DA624DC1D5600572CCA /* Traditional_Music_Test.app */ = {isa = PBXFileReference; explicitFileType = wrapper.application; includeInIndex = 0; path = Traditional_Music_Test.app; sourceTree = BUILT_PRODUCTS_DIR; };
		C79D5DA924DC1D5600572CCA /* AppDelegate.swift */ = {isa = PBXFileReference; lastKnownFileType = sourcecode.swift; path = AppDelegate.swift; sourceTree = "<group>"; };
		C79D5DAB24DC1D5600572CCA /* SceneDelegate.swift */ = {isa = PBXFileReference; lastKnownFileType = sourcecode.swift; path = SceneDelegate.swift; sourceTree = "<group>"; };
		C79D5DB024DC1D5600572CCA /* Base */ = {isa = PBXFileReference; lastKnownFileType = file.storyboard; name = Base; path = Base.lproj/Main.storyboard; sourceTree = "<group>"; };
		C79D5DB224DC1D5700572CCA /* Assets.xcassets */ = {isa = PBXFileReference; lastKnownFileType = folder.assetcatalog; path = Assets.xcassets; sourceTree = "<group>"; };
		C79D5DB524DC1D5700572CCA /* Base */ = {isa = PBXFileReference; lastKnownFileType = file.storyboard; name = Base; path = Base.lproj/LaunchScreen.storyboard; sourceTree = "<group>"; };
		C79D5DB724DC1D5700572CCA /* Info.plist */ = {isa = PBXFileReference; lastKnownFileType = text.plist.xml; path = Info.plist; sourceTree = "<group>"; };
		C79D5DBF24DC224200572CCA /* InstrumentsTableViewController.swift */ = {isa = PBXFileReference; lastKnownFileType = sourcecode.swift; path = InstrumentsTableViewController.swift; sourceTree = "<group>"; };
		C79D7DBC24E01A57005E73F6 /* Detail.storyboard */ = {isa = PBXFileReference; lastKnownFileType = file.storyboard; path = Detail.storyboard; sourceTree = "<group>"; };
		C79D7DBE24E01AB6005E73F6 /* InstrumentDetailViewController.swift */ = {isa = PBXFileReference; lastKnownFileType = sourcecode.swift; path = InstrumentDetailViewController.swift; sourceTree = "<group>"; };
/* End PBXFileReference section */

/* Begin PBXFrameworksBuildPhase section */
		C79D5DA324DC1D5600572CCA /* Frameworks */ = {
			isa = PBXFrameworksBuildPhase;
			buildActionMask = 2147483647;
			files = (
			);
			runOnlyForDeploymentPostprocessing = 0;
		};
/* End PBXFrameworksBuildPhase section */

/* Begin PBXGroup section */
		C79D5D9D24DC1D5600572CCA = {
			isa = PBXGroup;
			children = (
				C79D5DA824DC1D5600572CCA /* Traditional_Music_Test */,
				C79D5DA724DC1D5600572CCA /* Products */,
			);
			sourceTree = "<group>";
		};
		C79D5DA724DC1D5600572CCA /* Products */ = {
			isa = PBXGroup;
			children = (
				C79D5DA624DC1D5600572CCA /* Traditional_Music_Test.app */,
			);
			name = Products;
			sourceTree = "<group>";
		};
		C79D5DA824DC1D5600572CCA /* Traditional_Music_Test */ = {
			isa = PBXGroup;
			children = (
				C79D5DBF24DC224200572CCA /* InstrumentsTableViewController.swift */,
				C79D7DBE24E01AB6005E73F6 /* InstrumentDetailViewController.swift */,
				C79D5DB424DC1D5700572CCA /* LaunchScreen.storyboard */,
				95F9D9ED24EE658A009A3361 /* PlaySoundViewController.swift */,
				C79D5DA924DC1D5600572CCA /* AppDelegate.swift */,
				C79D5DAB24DC1D5600572CCA /* SceneDelegate.swift */,
				C79D5DAF24DC1D5600572CCA /* Main.storyboard */,
				C79D7DBC24E01A57005E73F6 /* Detail.storyboard */,
				95F9D9EB24EE4CCA009A3361 /* ShowInstrumentViewController.swift */,
				C79D5DB224DC1D5700572CCA /* Assets.xcassets */,
				95F9D9E924EE4C77009A3361 /* Base.lproj */,
				C79D5DB724DC1D5700572CCA /* Info.plist */,
			);
			path = Traditional_Music_Test;
			sourceTree = "<group>";
		};
/* End PBXGroup section */

/* Begin PBXNativeTarget section */
		C79D5DA524DC1D5600572CCA /* Traditional_Music_Test */ = {
			isa = PBXNativeTarget;
			buildConfigurationList = C79D5DBA24DC1D5700572CCA /* Build configuration list for PBXNativeTarget "Traditional_Music_Test" */;
			buildPhases = (
				C79D5DA224DC1D5600572CCA /* Sources */,
				C79D5DA324DC1D5600572CCA /* Frameworks */,
				C79D5DA424DC1D5600572CCA /* Resources */,
			);
			buildRules = (
			);
			dependencies = (
			);
			name = Traditional_Music_Test;
			productName = Traditional_Music_Test;
			productReference = C79D5DA624DC1D5600572CCA /* Traditional_Music_Test.app */;
			productType = "com.apple.product-type.application";
		};
/* End PBXNativeTarget section */

/* Begin PBXProject section */
		C79D5D9E24DC1D5600572CCA /* Project object */ = {
			isa = PBXProject;
			attributes = {
				LastSwiftUpdateCheck = 1160;
				LastUpgradeCheck = 1160;
				ORGANIZATIONNAME = "People-Aware Computing Lab";
				TargetAttributes = {
					C79D5DA524DC1D5600572CCA = {
						CreatedOnToolsVersion = 11.6;
					};
				};
			};
			buildConfigurationList = C79D5DA124DC1D5600572CCA /* Build configuration list for PBXProject "Traditional_Music_Test" */;
			compatibilityVersion = "Xcode 9.3";
			developmentRegion = en;
			hasScannedForEncodings = 0;
			knownRegions = (
				en,
				Base,
			);
			mainGroup = C79D5D9D24DC1D5600572CCA;
			productRefGroup = C79D5DA724DC1D5600572CCA /* Products */;
			projectDirPath = "";
			projectRoot = "";
			targets = (
				C79D5DA524DC1D5600572CCA /* Traditional_Music_Test */,
			);
		};
/* End PBXProject section */

/* Begin PBXResourcesBuildPhase section */
		C79D5DA424DC1D5600572CCA /* Resources */ = {
			isa = PBXResourcesBuildPhase;
			buildActionMask = 2147483647;
			files = (
				C79D5DB624DC1D5700572CCA /* LaunchScreen.storyboard in Resources */,
				C79D5DB324DC1D5700572CCA /* Assets.xcassets in Resources */,
				95F9D9EA24EE4C77009A3361 /* Base.lproj in Resources */,
				C79D5DB124DC1D5600572CCA /* Main.storyboard in Resources */,
				C79D7DBD24E01A57005E73F6 /* Detail.storyboard in Resources */,
			);
			runOnlyForDeploymentPostprocessing = 0;
		};
/* End PBXResourcesBuildPhase section */

/* Begin PBXSourcesBuildPhase section */
		C79D5DA224DC1D5600572CCA /* Sources */ = {
			isa = PBXSourcesBuildPhase;
			buildActionMask = 2147483647;
			files = (
				95F9D9EC24EE4CCA009A3361 /* ShowInstrumentViewController.swift in Sources */,
				C79D5DC024DC224200572CCA /* InstrumentsTableViewController.swift in Sources */,
				C79D5DAA24DC1D5600572CCA /* AppDelegate.swift in Sources */,
				C79D7DBF24E01AB6005E73F6 /* InstrumentDetailViewController.swift in Sources */,
				95F9D9EE24EE658A009A3361 /* PlaySoundViewController.swift in Sources */,
				C79D5DAC24DC1D5600572CCA /* SceneDelegate.swift in Sources */,
			);
			runOnlyForDeploymentPostprocessing = 0;
		};
/* End PBXSourcesBuildPhase section */

/* Begin PBXVariantGroup section */
		C79D5DAF24DC1D5600572CCA /* Main.storyboard */ = {
			isa = PBXVariantGroup;
			children = (
				C79D5DB024DC1D5600572CCA /* Base */,
			);
			name = Main.storyboard;
			sourceTree = "<group>";
		};
		C79D5DB424DC1D5700572CCA /* LaunchScreen.storyboard */ = {
			isa = PBXVariantGroup;
			children = (
				C79D5DB524DC1D5700572CCA /* Base */,
			);
			name = LaunchScreen.storyboard;
			sourceTree = "<group>";
		};
/* End PBXVariantGroup section */

/* Begin XCBuildConfiguration section */
		C79D5DB824DC1D5700572CCA /* Debug */ = {
			isa = XCBuildConfiguration;
			buildSettings = {
				ALWAYS_SEARCH_USER_PATHS = NO;
				CLANG_ANALYZER_NONNULL = YES;
				CLANG_ANALYZER_NUMBER_OBJECT_CONVERSION = YES_AGGRESSIVE;
				CLANG_CXX_LANGUAGE_STANDARD = "gnu++14";
				CLANG_CXX_LIBRARY = "libc++";
				CLANG_ENABLE_MODULES = YES;
				CLANG_ENABLE_OBJC_ARC = YES;
				CLANG_ENABLE_OBJC_WEAK = YES;
				CLANG_WARN_BLOCK_CAPTURE_AUTORELEASING = YES;
				CLANG_WARN_BOOL_CONVERSION = YES;
				CLANG_WARN_COMMA = YES;
				CLANG_WARN_CONSTANT_CONVERSION = YES;
				CLANG_WARN_DEPRECATED_OBJC_IMPLEMENTATIONS = YES;
				CLANG_WARN_DIRECT_OBJC_ISA_USAGE = YES_ERROR;
				CLANG_WARN_DOCUMENTATION_COMMENTS = YES;
				CLANG_WARN_EMPTY_BODY = YES;
				CLANG_WARN_ENUM_CONVERSION = YES;
				CLANG_WARN_INFINITE_RECURSION = YES;
				CLANG_WARN_INT_CONVERSION = YES;
				CLANG_WARN_NON_LITERAL_NULL_CONVERSION = YES;
				CLANG_WARN_OBJC_IMPLICIT_RETAIN_SELF = YES;
				CLANG_WARN_OBJC_LITERAL_CONVERSION = YES;
				CLANG_WARN_OBJC_ROOT_CLASS = YES_ERROR;
				CLANG_WARN_RANGE_LOOP_ANALYSIS = YES;
				CLANG_WARN_STRICT_PROTOTYPES = YES;
				CLANG_WARN_SUSPICIOUS_MOVE = YES;
				CLANG_WARN_UNGUARDED_AVAILABILITY = YES_AGGRESSIVE;
				CLANG_WARN_UNREACHABLE_CODE = YES;
				CLANG_WARN__DUPLICATE_METHOD_MATCH = YES;
				COPY_PHASE_STRIP = NO;
				DEBUG_INFORMATION_FORMAT = dwarf;
				ENABLE_STRICT_OBJC_MSGSEND = YES;
				ENABLE_TESTABILITY = YES;
				GCC_C_LANGUAGE_STANDARD = gnu11;
				GCC_DYNAMIC_NO_PIC = NO;
				GCC_NO_COMMON_BLOCKS = YES;
				GCC_OPTIMIZATION_LEVEL = 0;
				GCC_PREPROCESSOR_DEFINITIONS = (
					"DEBUG=1",
					"$(inherited)",
				);
				GCC_WARN_64_TO_32_BIT_CONVERSION = YES;
				GCC_WARN_ABOUT_RETURN_TYPE = YES_ERROR;
				GCC_WARN_UNDECLARED_SELECTOR = YES;
				GCC_WARN_UNINITIALIZED_AUTOS = YES_AGGRESSIVE;
				GCC_WARN_UNUSED_FUNCTION = YES;
				GCC_WARN_UNUSED_VARIABLE = YES;
				IPHONEOS_DEPLOYMENT_TARGET = 13.6;
				MTL_ENABLE_DEBUG_INFO = INCLUDE_SOURCE;
				MTL_FAST_MATH = YES;
				ONLY_ACTIVE_ARCH = YES;
				SDKROOT = iphoneos;
				SWIFT_ACTIVE_COMPILATION_CONDITIONS = DEBUG;
				SWIFT_OPTIMIZATION_LEVEL = "-Onone";
			};
			name = Debug;
		};
		C79D5DB924DC1D5700572CCA /* Release */ = {
			isa = XCBuildConfiguration;
			buildSettings = {
				ALWAYS_SEARCH_USER_PATHS = NO;
				CLANG_ANALYZER_NONNULL = YES;
				CLANG_ANALYZER_NUMBER_OBJECT_CONVERSION = YES_AGGRESSIVE;
				CLANG_CXX_LANGUAGE_STANDARD = "gnu++14";
				CLANG_CXX_LIBRARY = "libc++";
				CLANG_ENABLE_MODULES = YES;
				CLANG_ENABLE_OBJC_ARC = YES;
				CLANG_ENABLE_OBJC_WEAK = YES;
				CLANG_WARN_BLOCK_CAPTURE_AUTORELEASING = YES;
				CLANG_WARN_BOOL_CONVERSION = YES;
				CLANG_WARN_COMMA = YES;
				CLANG_WARN_CONSTANT_CONVERSION = YES;
				CLANG_WARN_DEPRECATED_OBJC_IMPLEMENTATIONS = YES;
				CLANG_WARN_DIRECT_OBJC_ISA_USAGE = YES_ERROR;
				CLANG_WARN_DOCUMENTATION_COMMENTS = YES;
				CLANG_WARN_EMPTY_BODY = YES;
				CLANG_WARN_ENUM_CONVERSION = YES;
				CLANG_WARN_INFINITE_RECURSION = YES;
				CLANG_WARN_INT_CONVERSION = YES;
				CLANG_WARN_NON_LITERAL_NULL_CONVERSION = YES;
				CLANG_WARN_OBJC_IMPLICIT_RETAIN_SELF = YES;
				CLANG_WARN_OBJC_LITERAL_CONVERSION = YES;
				CLANG_WARN_OBJC_ROOT_CLASS = YES_ERROR;
				CLANG_WARN_RANGE_LOOP_ANALYSIS = YES;
				CLANG_WARN_STRICT_PROTOTYPES = YES;
				CLANG_WARN_SUSPICIOUS_MOVE = YES;
				CLANG_WARN_UNGUARDED_AVAILABILITY = YES_AGGRESSIVE;
				CLANG_WARN_UNREACHABLE_CODE = YES;
				CLANG_WARN__DUPLICATE_METHOD_MATCH = YES;
				COPY_PHASE_STRIP = NO;
				DEBUG_INFORMATION_FORMAT = "dwarf-with-dsym";
				ENABLE_NS_ASSERTIONS = NO;
				ENABLE_STRICT_OBJC_MSGSEND = YES;
				GCC_C_LANGUAGE_STANDARD = gnu11;
				GCC_NO_COMMON_BLOCKS = YES;
				GCC_WARN_64_TO_32_BIT_CONVERSION = YES;
				GCC_WARN_ABOUT_RETURN_TYPE = YES_ERROR;
				GCC_WARN_UNDECLARED_SELECTOR = YES;
				GCC_WARN_UNINITIALIZED_AUTOS = YES_AGGRESSIVE;
				GCC_WARN_UNUSED_FUNCTION = YES;
				GCC_WARN_UNUSED_VARIABLE = YES;
				IPHONEOS_DEPLOYMENT_TARGET = 13.6;
				MTL_ENABLE_DEBUG_INFO = NO;
				MTL_FAST_MATH = YES;
				SDKROOT = iphoneos;
				SWIFT_COMPILATION_MODE = wholemodule;
				SWIFT_OPTIMIZATION_LEVEL = "-O";
				VALIDATE_PRODUCT = YES;
			};
			name = Release;
		};
		C79D5DBB24DC1D5700572CCA /* Debug */ = {
			isa = XCBuildConfiguration;
			buildSettings = {
				ASSETCATALOG_COMPILER_APPICON_NAME = AppIcon;
				CODE_SIGN_STYLE = Automatic;
				DEVELOPMENT_TEAM = U9HQS44TNH;
				INFOPLIST_FILE = Traditional_Music_Test/Info.plist;
				LD_RUNPATH_SEARCH_PATHS = (
					"$(inherited)",
					"@executable_path/Frameworks",
				);
				PRODUCT_BUNDLE_IDENTIFIER = "paclab.Traditional-Music-Test";
				PRODUCT_NAME = "$(TARGET_NAME)";
				SWIFT_VERSION = 5.0;
				TARGETED_DEVICE_FAMILY = 1;
			};
			name = Debug;
		};
		C79D5DBC24DC1D5700572CCA /* Release */ = {
			isa = XCBuildConfiguration;
			buildSettings = {
				ASSETCATALOG_COMPILER_APPICON_NAME = AppIcon;
				CODE_SIGN_STYLE = Automatic;
				DEVELOPMENT_TEAM = U9HQS44TNH;
				INFOPLIST_FILE = Traditional_Music_Test/Info.plist;
				LD_RUNPATH_SEARCH_PATHS = (
					"$(inherited)",
					"@executable_path/Frameworks",
				);
				PRODUCT_BUNDLE_IDENTIFIER = "paclab.Traditional-Music-Test";
				PRODUCT_NAME = "$(TARGET_NAME)";
				SWIFT_VERSION = 5.0;
				TARGETED_DEVICE_FAMILY = 1;
			};
			name = Release;
		};
/* End XCBuildConfiguration section */

/* Begin XCConfigurationList section */
		C79D5DA124DC1D5600572CCA /* Build configuration list for PBXProject "Traditional_Music_Test" */ = {
			isa = XCConfigurationList;
			buildConfigurations = (
				C79D5DB824DC1D5700572CCA /* Debug */,
				C79D5DB924DC1D5700572CCA /* Release */,
			);
			defaultConfigurationIsVisible = 0;
			defaultConfigurationName = Release;
		};
		C79D5DBA24DC1D5700572CCA /* Build configuration list for PBXNativeTarget "Traditional_Music_Test" */ = {
			isa = XCConfigurationList;
			buildConfigurations = (
				C79D5DBB24DC1D5700572CCA /* Debug */,
				C79D5DBC24DC1D5700572CCA /* Release */,
			);
			defaultConfigurationIsVisible = 0;
			defaultConfigurationName = Release;
		};
/* End XCConfigurationList section */
	};
	rootObject = C79D5D9E24DC1D5600572CCA /* Project object */;
}
